
Microsoft Visual Studio Solution File, Format Version 12.00
# Visual Studio Version 17
VisualStudioVersion = 17.14.36408.4
MinimumVisualStudioVersion = 10.0.40219.1
Project("{FAE04EC0-301F-11D3-BF4B-00C04F79EFBC}") = "BlogDataLibrary", "BlogDataLibrary\BlogDataLibrary.csproj", "{A0D20089-ADAB-4732-BCE5-11A572EE99F1}"
EndProject
Project("{00D1A9C2-B5F0-4AF3-8072-F6C62B433612}") = "GanalBlogDB", "GanalBlogDB\GanalBlogDB.sqlproj", "{02C49C43-BFA7-4841-B967-AEFBEFCA2F58}"
EndProject
Project("{FAE04EC0-301F-11D3-BF4B-00C04F79EFBC}") = "BlogTestUI", "BlogTestUI\BlogTestUI.csproj", "{866D80D1-8D36-457E-B036-2FC765C35257}"
	ProjectSection(ProjectDependencies) = postProject
		{A0D20089-ADAB-4732-BCE5-11A572EE99F1} = {A0D20089-ADAB-4732-BCE5-11A572EE99F1}
	EndProjectSection
EndProject
Global
	GlobalSection(SolutionConfigurationPlatforms) = preSolution
		Debug|Any CPU = Debug|Any CPU
		Release|Any CPU = Release|Any CPU
	EndGlobalSection
	GlobalSection(ProjectConfigurationPlatforms) = postSolution
		{A0D20089-ADAB-4732-BCE5-11A572EE99F1}.Debug|Any CPU.ActiveCfg = Debug|Any CPU
		{A0D20089-ADAB-4732-BCE5-11A572EE99F1}.Debug|Any CPU.Build.0 = Debug|Any CPU
		{A0D20089-ADAB-4732-BCE5-11A572EE99F1}.Release|Any CPU.ActiveCfg = Release|Any CPU
		{A0D20089-ADAB-4732-BCE5-11A572EE99F1}.Release|Any CPU.Build.0 = Release|Any CPU
		{02C49C43-BFA7-4841-B967-AEFBEFCA2F58}.Debug|Any CPU.ActiveCfg = Debug|Any CPU
		{02C49C43-BFA7-4841-B967-AEFBEFCA2F58}.Debug|Any CPU.Build.0 = Debug|Any CPU
		{02C49C43-BFA7-4841-B967-AEFBEFCA2F58}.Debug|Any CPU.Deploy.0 = Debug|Any CPU
		{02C49C43-BFA7-4841-B967-AEFBEFCA2F58}.Release|Any CPU.ActiveCfg = Release|Any CPU
		{02C49C43-BFA7-4841-B967-AEFBEFCA2F58}.Release|Any CPU.Build.0 = Release|Any CPU
		{02C49C43-BFA7-4841-B967-AEFBEFCA2F58}.Release|Any CPU.Deploy.0 = Release|Any CPU
		{866D80D1-8D36-457E-B036-2FC765C35257}.Debug|Any CPU.ActiveCfg = Debug|Any CPU
		{866D80D1-8D36-457E-B036-2FC765C35257}.Debug|Any CPU.Build.0 = Debug|Any CPU
		{866D80D1-8D36-457E-B036-2FC765C35257}.Release|Any CPU.ActiveCfg = Release|Any CPU
		{866D80D1-8D36-457E-B036-2FC765C35257}.Release|Any CPU.Build.0 = Release|Any CPU
	EndGlobalSection
	GlobalSection(SolutionProperties) = preSolution
		HideSolutionNode = FALSE
	EndGlobalSection
	GlobalSection(ExtensibilityGlobals) = postSolution
		SolutionGuid = {389584D7-EFC7-4F13-A0D8-F549349E5486}
	EndGlobalSection
EndGlobal
